
Microsoft Visual Studio Solution File, Format Version 12.00
# Visual Studio Version 17
VisualStudioVersion = 17.13.35825.156 d17.13
MinimumVisualStudioVersion = 10.0.40219.1
Project("{FAE04EC0-301F-11D3-BF4B-00C04F79EFBC}") = "UNO", "UNO.csproj", "{19CC41BD-4EBA-48EF-8F86-89B6A62D1448}"
EndProject
Global
	GlobalSection(SolutionConfigurationPlatforms) = preSolution
		Debug|Any CPU = Debug|Any CPU
		Release|Any CPU = Release|Any CPU
	EndGlobalSection
	GlobalSection(ProjectConfigurationPlatforms) = postSolution
		{19CC41BD-4EBA-48EF-8F86-89B6A62D1448}.Debug|Any CPU.ActiveCfg = Debug|Any CPU
		{19CC41BD-4EBA-48EF-8F86-89B6A62D1448}.Debug|Any CPU.Build.0 = Debug|Any CPU
		{19CC41BD-4EBA-48EF-8F86-89B6A62D1448}.Release|Any CPU.ActiveCfg = Release|Any CPU
		{19CC41BD-4EBA-48EF-8F86-89B6A62D1448}.Release|Any CPU.Build.0 = Release|Any CPU
	EndGlobalSection
	GlobalSection(SolutionProperties) = preSolution
		HideSolutionNode = FALSE
	EndGlobalSection
	GlobalSection(ExtensibilityGlobals) = postSolution
		SolutionGuid = {C230A1FB-F212-4BAE-BD25-ECA66A1407AB}
	EndGlobalSection
EndGlobal
